// !$*UTF8*$!
{
	archiveVersion = 1;
	classes = {
	};
	objectVersion = 50;
	objects = {

/* Begin PBXBuildFile section */
		783735F52338F1B90046FCB0 /* CategoryMoviesTableViewCell.swift in Sources */ = {isa = PBXBuildFile; fileRef = 783735F42338F1B90046FCB0 /* CategoryMoviesTableViewCell.swift */; };
		7844977123183A47009082F6 /* MovieJson.swift in Sources */ = {isa = PBXBuildFile; fileRef = 7844977023183A47009082F6 /* MovieJson.swift */; };
		7844977523184407009082F6 /* Helpers.swift in Sources */ = {isa = PBXBuildFile; fileRef = 7844977423184407009082F6 /* Helpers.swift */; };
		7844977E23187248009082F6 /* WebKit.framework in Frameworks */ = {isa = PBXBuildFile; fileRef = 7844977D23187247009082F6 /* WebKit.framework */; };
		78449786231AD9C9009082F6 /* User.swift in Sources */ = {isa = PBXBuildFile; fileRef = 78449785231AD9C9009082F6 /* User.swift */; };
		78449788231ADBDA009082F6 /* StorageManager.swift in Sources */ = {isa = PBXBuildFile; fileRef = 78449787231ADBDA009082F6 /* StorageManager.swift */; };
		7844978C231C01B7009082F6 /* DetailMovie.swift in Sources */ = {isa = PBXBuildFile; fileRef = 7844978B231C01B7009082F6 /* DetailMovie.swift */; };
		7844978E231C03C6009082F6 /* Genre.swift in Sources */ = {isa = PBXBuildFile; fileRef = 7844978D231C03C6009082F6 /* Genre.swift */; };
		78449790231C08D3009082F6 /* TrailerList.swift in Sources */ = {isa = PBXBuildFile; fileRef = 7844978F231C08D3009082F6 /* TrailerList.swift */; };
		78449792231C0940009082F6 /* Trailer.swift in Sources */ = {isa = PBXBuildFile; fileRef = 78449791231C0940009082F6 /* Trailer.swift */; };
		78449794231C0CFB009082F6 /* BaseApiData.swift in Sources */ = {isa = PBXBuildFile; fileRef = 78449793231C0CFB009082F6 /* BaseApiData.swift */; };
		78449796231C550E009082F6 /* ReviewList.swift in Sources */ = {isa = PBXBuildFile; fileRef = 78449795231C550E009082F6 /* ReviewList.swift */; };
		78449798231C55A2009082F6 /* Review.swift in Sources */ = {isa = PBXBuildFile; fileRef = 78449797231C55A2009082F6 /* Review.swift */; };
		78586497234126FD00B991BB /* GenreJson.swift in Sources */ = {isa = PBXBuildFile; fileRef = 78586496234126FD00B991BB /* GenreJson.swift */; };
		785864992341406200B991BB /* GenresStorage.swift in Sources */ = {isa = PBXBuildFile; fileRef = 785864982341406200B991BB /* GenresStorage.swift */; };
		786383E8235DE92C00BF55D4 /* DetailMovieConfigurator.swift in Sources */ = {isa = PBXBuildFile; fileRef = 786383E7235DE92C00BF55D4 /* DetailMovieConfigurator.swift */; };
		786383F0235DEF9100BF55D4 /* CategoriesPresenter.swift in Sources */ = {isa = PBXBuildFile; fileRef = 786383EA235DEF9000BF55D4 /* CategoriesPresenter.swift */; };
		786383F1235DEF9100BF55D4 /* CategoriesWorker.swift in Sources */ = {isa = PBXBuildFile; fileRef = 786383EB235DEF9000BF55D4 /* CategoriesWorker.swift */; };
		786383F2235DEF9100BF55D4 /* CategoriesRouter.swift in Sources */ = {isa = PBXBuildFile; fileRef = 786383EC235DEF9000BF55D4 /* CategoriesRouter.swift */; };
		786383F3235DEF9100BF55D4 /* CategoriesModels.swift in Sources */ = {isa = PBXBuildFile; fileRef = 786383ED235DEF9000BF55D4 /* CategoriesModels.swift */; };
		786383F4235DEF9100BF55D4 /* CategoriesTableViewController.swift in Sources */ = {isa = PBXBuildFile; fileRef = 786383EE235DEF9000BF55D4 /* CategoriesTableViewController.swift */; };
		786383F5235DEF9100BF55D4 /* CategoriesInteractor.swift in Sources */ = {isa = PBXBuildFile; fileRef = 786383EF235DEF9000BF55D4 /* CategoriesInteractor.swift */; };
		786383F7235E25DF00BF55D4 /* CategoriesConfigurator.swift in Sources */ = {isa = PBXBuildFile; fileRef = 786383F6235E25DF00BF55D4 /* CategoriesConfigurator.swift */; };
		786383FF2368DD6300BF55D4 /* WelcomePresenter.swift in Sources */ = {isa = PBXBuildFile; fileRef = 786383F92368DD6300BF55D4 /* WelcomePresenter.swift */; };
		786384002368DD6300BF55D4 /* WelcomeWorker.swift in Sources */ = {isa = PBXBuildFile; fileRef = 786383FA2368DD6300BF55D4 /* WelcomeWorker.swift */; };
		786384012368DD6300BF55D4 /* WelcomeRouter.swift in Sources */ = {isa = PBXBuildFile; fileRef = 786383FB2368DD6300BF55D4 /* WelcomeRouter.swift */; };
		786384022368DD6300BF55D4 /* WelcomeModels.swift in Sources */ = {isa = PBXBuildFile; fileRef = 786383FC2368DD6300BF55D4 /* WelcomeModels.swift */; };
		786384032368DD6300BF55D4 /* WelcomeViewController.swift in Sources */ = {isa = PBXBuildFile; fileRef = 786383FD2368DD6300BF55D4 /* WelcomeViewController.swift */; };
		786384042368DD6300BF55D4 /* WelcomeInteractor.swift in Sources */ = {isa = PBXBuildFile; fileRef = 786383FE2368DD6300BF55D4 /* WelcomeInteractor.swift */; };
		786384062368DDE600BF55D4 /* WelcomeConfigurator.swift in Sources */ = {isa = PBXBuildFile; fileRef = 786384052368DDE600BF55D4 /* WelcomeConfigurator.swift */; };
		786384112369C4E000BF55D4 /* SignInUpPresenter.swift in Sources */ = {isa = PBXBuildFile; fileRef = 7863840B2369C4E000BF55D4 /* SignInUpPresenter.swift */; };
		786384122369C4E000BF55D4 /* SignInUpWorker.swift in Sources */ = {isa = PBXBuildFile; fileRef = 7863840C2369C4E000BF55D4 /* SignInUpWorker.swift */; };
		786384132369C4E000BF55D4 /* SignInUpRouter.swift in Sources */ = {isa = PBXBuildFile; fileRef = 7863840D2369C4E000BF55D4 /* SignInUpRouter.swift */; };
		786384142369C4E000BF55D4 /* SignInUpModels.swift in Sources */ = {isa = PBXBuildFile; fileRef = 7863840E2369C4E000BF55D4 /* SignInUpModels.swift */; };
		786384152369C4E000BF55D4 /* SignInUpViewController.swift in Sources */ = {isa = PBXBuildFile; fileRef = 7863840F2369C4E000BF55D4 /* SignInUpViewController.swift */; };
		786384162369C4E000BF55D4 /* SignInUpInteractor.swift in Sources */ = {isa = PBXBuildFile; fileRef = 786384102369C4E000BF55D4 /* SignInUpInteractor.swift */; };
		7863A98B2369E21F004E8076 /* SignInUpConfigurator.swift in Sources */ = {isa = PBXBuildFile; fileRef = 7863A98A2369E21F004E8076 /* SignInUpConfigurator.swift */; };
		786CF6E02317FE9D008CBB10 /* AppDelegate.swift in Sources */ = {isa = PBXBuildFile; fileRef = 786CF6DF2317FE9D008CBB10 /* AppDelegate.swift */; };
		786CF6E72317FE9F008CBB10 /* Assets.xcassets in Resources */ = {isa = PBXBuildFile; fileRef = 786CF6E62317FE9F008CBB10 /* Assets.xcassets */; };
		786CF6EA2317FE9F008CBB10 /* LaunchScreen.storyboard in Resources */ = {isa = PBXBuildFile; fileRef = 786CF6E82317FE9F008CBB10 /* LaunchScreen.storyboard */; };
		786CF6FA2317FF10008CBB10 /* MovieCell.swift in Sources */ = {isa = PBXBuildFile; fileRef = 786CF6F32317FF10008CBB10 /* MovieCell.swift */; };
		786CF7012317FF70008CBB10 /* MovieType.swift in Sources */ = {isa = PBXBuildFile; fileRef = 786CF7002317FF70008CBB10 /* MovieType.swift */; };
		786CF7032317FF83008CBB10 /* MovieList.swift in Sources */ = {isa = PBXBuildFile; fileRef = 786CF7022317FF83008CBB10 /* MovieList.swift */; };
		786CF7072318001A008CBB10 /* Main.storyboard in Resources */ = {isa = PBXBuildFile; fileRef = 786CF7062318001A008CBB10 /* Main.storyboard */; };
		786CF70F231802D5008CBB10 /* APIResult.swift in Sources */ = {isa = PBXBuildFile; fileRef = 786CF70A231802D5008CBB10 /* APIResult.swift */; };
		786CF71423180329008CBB10 /* APIMovieManager.swift in Sources */ = {isa = PBXBuildFile; fileRef = 786CF71323180329008CBB10 /* APIMovieManager.swift */; };
		786DA9852334011700AEEBCF /* MovieCollectionCell.swift in Sources */ = {isa = PBXBuildFile; fileRef = 786DA9842334011600AEEBCF /* MovieCollectionCell.swift */; };
		78709C8E232ABFFF002FDB90 /* ListManager.swift in Sources */ = {isa = PBXBuildFile; fileRef = 78709C8D232ABFFF002FDB90 /* ListManager.swift */; };
		7894C2C2232E647D0029D8D9 /* ImageView.swift in Sources */ = {isa = PBXBuildFile; fileRef = 7894C2C1232E647D0029D8D9 /* ImageView.swift */; };
		7898CBE32353ABA700E77F90 /* DetailMoviePresenter.swift in Sources */ = {isa = PBXBuildFile; fileRef = 7898CBDD2353ABA700E77F90 /* DetailMoviePresenter.swift */; };
		7898CBE42353ABA700E77F90 /* DetailMovieWorker.swift in Sources */ = {isa = PBXBuildFile; fileRef = 7898CBDE2353ABA700E77F90 /* DetailMovieWorker.swift */; };
		7898CBE52353ABA700E77F90 /* DetailMovieRouter.swift in Sources */ = {isa = PBXBuildFile; fileRef = 7898CBDF2353ABA700E77F90 /* DetailMovieRouter.swift */; };
		7898CBE62353ABA700E77F90 /* DetailMovieModels.swift in Sources */ = {isa = PBXBuildFile; fileRef = 7898CBE02353ABA700E77F90 /* DetailMovieModels.swift */; };
		7898CBE72353ABA700E77F90 /* DetailMovieViewController.swift in Sources */ = {isa = PBXBuildFile; fileRef = 7898CBE12353ABA700E77F90 /* DetailMovieViewController.swift */; };
		7898CBE82353ABA700E77F90 /* DetailMovieInteractor.swift in Sources */ = {isa = PBXBuildFile; fileRef = 7898CBE22353ABA700E77F90 /* DetailMovieInteractor.swift */; };
		78E8AF052370BB2C00CC3F7B /* FavouritePresenter.swift in Sources */ = {isa = PBXBuildFile; fileRef = 78E8AEFF2370BB2C00CC3F7B /* FavouritePresenter.swift */; };
		78E8AF062370BB2C00CC3F7B /* FavouriteWorker.swift in Sources */ = {isa = PBXBuildFile; fileRef = 78E8AF002370BB2C00CC3F7B /* FavouriteWorker.swift */; };
		78E8AF072370BB2C00CC3F7B /* FavouriteRouter.swift in Sources */ = {isa = PBXBuildFile; fileRef = 78E8AF012370BB2C00CC3F7B /* FavouriteRouter.swift */; };
		78E8AF082370BB2C00CC3F7B /* FavouriteModels.swift in Sources */ = {isa = PBXBuildFile; fileRef = 78E8AF022370BB2C00CC3F7B /* FavouriteModels.swift */; };
		78E8AF092370BB2C00CC3F7B /* FavouriteViewController.swift in Sources */ = {isa = PBXBuildFile; fileRef = 78E8AF032370BB2C00CC3F7B /* FavouriteViewController.swift */; };
		78E8AF0A2370BB2C00CC3F7B /* FavouriteInteractor.swift in Sources */ = {isa = PBXBuildFile; fileRef = 78E8AF042370BB2C00CC3F7B /* FavouriteInteractor.swift */; };
		78E8AF0C2370C48700CC3F7B /* FavouriteConfigurator.swift in Sources */ = {isa = PBXBuildFile; fileRef = 78E8AF0B2370C48700CC3F7B /* FavouriteConfigurator.swift */; };
		78E8AF142370CA8900CC3F7B /* WatchLaterPresenter.swift in Sources */ = {isa = PBXBuildFile; fileRef = 78E8AF0E2370CA8900CC3F7B /* WatchLaterPresenter.swift */; };
		78E8AF152370CA8900CC3F7B /* WatchLaterWorker.swift in Sources */ = {isa = PBXBuildFile; fileRef = 78E8AF0F2370CA8900CC3F7B /* WatchLaterWorker.swift */; };
		78E8AF162370CA8900CC3F7B /* WatchLaterRouter.swift in Sources */ = {isa = PBXBuildFile; fileRef = 78E8AF102370CA8900CC3F7B /* WatchLaterRouter.swift */; };
		78E8AF172370CA8900CC3F7B /* WatchLaterModels.swift in Sources */ = {isa = PBXBuildFile; fileRef = 78E8AF112370CA8900CC3F7B /* WatchLaterModels.swift */; };
		78E8AF182370CA8900CC3F7B /* WatchLaterViewController.swift in Sources */ = {isa = PBXBuildFile; fileRef = 78E8AF122370CA8900CC3F7B /* WatchLaterViewController.swift */; };
		78E8AF192370CA8900CC3F7B /* WatchLaterInteractor.swift in Sources */ = {isa = PBXBuildFile; fileRef = 78E8AF132370CA8900CC3F7B /* WatchLaterInteractor.swift */; };
		78E8AF1B2370CE0A00CC3F7B /* WatchLaterConfigurator.swift in Sources */ = {isa = PBXBuildFile; fileRef = 78E8AF1A2370CE0A00CC3F7B /* WatchLaterConfigurator.swift */; };
		78E8AF1D2370D22000CC3F7B /* DetailMovieInList.swift in Sources */ = {isa = PBXBuildFile; fileRef = 78E8AF1C2370D22000CC3F7B /* DetailMovieInList.swift */; };
		78E96816236B7AFB003022AD /* SignInUpResult.swift in Sources */ = {isa = PBXBuildFile; fileRef = 78E96815236B7AFB003022AD /* SignInUpResult.swift */; };
		78E9681A236B86D9003022AD /* SignInUpError.swift in Sources */ = {isa = PBXBuildFile; fileRef = 78E96819236B86D9003022AD /* SignInUpError.swift */; };
		78E9681C236C8722003022AD /* ErrorCode.swift in Sources */ = {isa = PBXBuildFile; fileRef = 78E9681B236C8721003022AD /* ErrorCode.swift */; };
		78E96824236E02A8003022AD /* ProfilePresenter.swift in Sources */ = {isa = PBXBuildFile; fileRef = 78E9681E236E02A8003022AD /* ProfilePresenter.swift */; };
		78E96825236E02A8003022AD /* ProfileWorker.swift in Sources */ = {isa = PBXBuildFile; fileRef = 78E9681F236E02A8003022AD /* ProfileWorker.swift */; };
		78E96826236E02A8003022AD /* ProfileRouter.swift in Sources */ = {isa = PBXBuildFile; fileRef = 78E96820236E02A8003022AD /* ProfileRouter.swift */; };
		78E96827236E02A8003022AD /* ProfileModels.swift in Sources */ = {isa = PBXBuildFile; fileRef = 78E96821236E02A8003022AD /* ProfileModels.swift */; };
		78E96828236E02A8003022AD /* ProfileViewController.swift in Sources */ = {isa = PBXBuildFile; fileRef = 78E96822236E02A8003022AD /* ProfileViewController.swift */; };
		78E96829236E02A8003022AD /* ProfileInteractor.swift in Sources */ = {isa = PBXBuildFile; fileRef = 78E96823236E02A8003022AD /* ProfileInteractor.swift */; };
/* End PBXBuildFile section */

/* Begin PBXFileReference section */
		783735F42338F1B90046FCB0 /* CategoryMoviesTableViewCell.swift */ = {isa = PBXFileReference; lastKnownFileType = sourcecode.swift; path = CategoryMoviesTableViewCell.swift; sourceTree = "<group>"; };
		7844977023183A47009082F6 /* MovieJson.swift */ = {isa = PBXFileReference; lastKnownFileType = sourcecode.swift; path = MovieJson.swift; sourceTree = "<group>"; };
		7844977423184407009082F6 /* Helpers.swift */ = {isa = PBXFileReference; lastKnownFileType = sourcecode.swift; path = Helpers.swift; sourceTree = "<group>"; };
		7844977D23187247009082F6 /* WebKit.framework */ = {isa = PBXFileReference; lastKnownFileType = wrapper.framework; name = WebKit.framework; path = System/Library/Frameworks/WebKit.framework; sourceTree = SDKROOT; };
		78449785231AD9C9009082F6 /* User.swift */ = {isa = PBXFileReference; lastKnownFileType = sourcecode.swift; path = User.swift; sourceTree = "<group>"; };
		78449787231ADBDA009082F6 /* StorageManager.swift */ = {isa = PBXFileReference; lastKnownFileType = sourcecode.swift; path = StorageManager.swift; sourceTree = "<group>"; };
		7844978B231C01B7009082F6 /* DetailMovie.swift */ = {isa = PBXFileReference; lastKnownFileType = sourcecode.swift; path = DetailMovie.swift; sourceTree = "<group>"; };
		7844978D231C03C6009082F6 /* Genre.swift */ = {isa = PBXFileReference; lastKnownFileType = sourcecode.swift; path = Genre.swift; sourceTree = "<group>"; };
		7844978F231C08D3009082F6 /* TrailerList.swift */ = {isa = PBXFileReference; lastKnownFileType = sourcecode.swift; path = TrailerList.swift; sourceTree = "<group>"; };
		78449791231C0940009082F6 /* Trailer.swift */ = {isa = PBXFileReference; lastKnownFileType = sourcecode.swift; path = Trailer.swift; sourceTree = "<group>"; };
		78449793231C0CFB009082F6 /* BaseApiData.swift */ = {isa = PBXFileReference; lastKnownFileType = sourcecode.swift; path = BaseApiData.swift; sourceTree = "<group>"; };
		78449795231C550E009082F6 /* ReviewList.swift */ = {isa = PBXFileReference; lastKnownFileType = sourcecode.swift; path = ReviewList.swift; sourceTree = "<group>"; };
		78449797231C55A2009082F6 /* Review.swift */ = {isa = PBXFileReference; lastKnownFileType = sourcecode.swift; path = Review.swift; sourceTree = "<group>"; };
		78586496234126FD00B991BB /* GenreJson.swift */ = {isa = PBXFileReference; lastKnownFileType = sourcecode.swift; path = GenreJson.swift; sourceTree = "<group>"; };
		785864982341406200B991BB /* GenresStorage.swift */ = {isa = PBXFileReference; lastKnownFileType = sourcecode.swift; path = GenresStorage.swift; sourceTree = "<group>"; };
		786383E7235DE92C00BF55D4 /* DetailMovieConfigurator.swift */ = {isa = PBXFileReference; lastKnownFileType = sourcecode.swift; path = DetailMovieConfigurator.swift; sourceTree = "<group>"; };
		786383EA235DEF9000BF55D4 /* CategoriesPresenter.swift */ = {isa = PBXFileReference; lastKnownFileType = sourcecode.swift; path = CategoriesPresenter.swift; sourceTree = "<group>"; };
		786383EB235DEF9000BF55D4 /* CategoriesWorker.swift */ = {isa = PBXFileReference; lastKnownFileType = sourcecode.swift; path = CategoriesWorker.swift; sourceTree = "<group>"; };
		786383EC235DEF9000BF55D4 /* CategoriesRouter.swift */ = {isa = PBXFileReference; lastKnownFileType = sourcecode.swift; path = CategoriesRouter.swift; sourceTree = "<group>"; };
		786383ED235DEF9000BF55D4 /* CategoriesModels.swift */ = {isa = PBXFileReference; lastKnownFileType = sourcecode.swift; path = CategoriesModels.swift; sourceTree = "<group>"; };
		786383EE235DEF9000BF55D4 /* CategoriesTableViewController.swift */ = {isa = PBXFileReference; lastKnownFileType = sourcecode.swift; path = CategoriesTableViewController.swift; sourceTree = "<group>"; };
		786383EF235DEF9000BF55D4 /* CategoriesInteractor.swift */ = {isa = PBXFileReference; lastKnownFileType = sourcecode.swift; path = CategoriesInteractor.swift; sourceTree = "<group>"; };
		786383F6235E25DF00BF55D4 /* CategoriesConfigurator.swift */ = {isa = PBXFileReference; lastKnownFileType = sourcecode.swift; path = CategoriesConfigurator.swift; sourceTree = "<group>"; };
		786383F92368DD6300BF55D4 /* WelcomePresenter.swift */ = {isa = PBXFileReference; lastKnownFileType = sourcecode.swift; path = WelcomePresenter.swift; sourceTree = "<group>"; };
		786383FA2368DD6300BF55D4 /* WelcomeWorker.swift */ = {isa = PBXFileReference; lastKnownFileType = sourcecode.swift; path = WelcomeWorker.swift; sourceTree = "<group>"; };
		786383FB2368DD6300BF55D4 /* WelcomeRouter.swift */ = {isa = PBXFileReference; lastKnownFileType = sourcecode.swift; path = WelcomeRouter.swift; sourceTree = "<group>"; };
		786383FC2368DD6300BF55D4 /* WelcomeModels.swift */ = {isa = PBXFileReference; lastKnownFileType = sourcecode.swift; path = WelcomeModels.swift; sourceTree = "<group>"; };
		786383FD2368DD6300BF55D4 /* WelcomeViewController.swift */ = {isa = PBXFileReference; lastKnownFileType = sourcecode.swift; path = WelcomeViewController.swift; sourceTree = "<group>"; };
		786383FE2368DD6300BF55D4 /* WelcomeInteractor.swift */ = {isa = PBXFileReference; lastKnownFileType = sourcecode.swift; path = WelcomeInteractor.swift; sourceTree = "<group>"; };
		786384052368DDE600BF55D4 /* WelcomeConfigurator.swift */ = {isa = PBXFileReference; lastKnownFileType = sourcecode.swift; path = WelcomeConfigurator.swift; sourceTree = "<group>"; };
		7863840B2369C4E000BF55D4 /* SignInUpPresenter.swift */ = {isa = PBXFileReference; lastKnownFileType = sourcecode.swift; path = SignInUpPresenter.swift; sourceTree = "<group>"; };
		7863840C2369C4E000BF55D4 /* SignInUpWorker.swift */ = {isa = PBXFileReference; lastKnownFileType = sourcecode.swift; path = SignInUpWorker.swift; sourceTree = "<group>"; };
		7863840D2369C4E000BF55D4 /* SignInUpRouter.swift */ = {isa = PBXFileReference; lastKnownFileType = sourcecode.swift; path = SignInUpRouter.swift; sourceTree = "<group>"; };
		7863840E2369C4E000BF55D4 /* SignInUpModels.swift */ = {isa = PBXFileReference; lastKnownFileType = sourcecode.swift; path = SignInUpModels.swift; sourceTree = "<group>"; };
		7863840F2369C4E000BF55D4 /* SignInUpViewController.swift */ = {isa = PBXFileReference; lastKnownFileType = sourcecode.swift; path = SignInUpViewController.swift; sourceTree = "<group>"; };
		786384102369C4E000BF55D4 /* SignInUpInteractor.swift */ = {isa = PBXFileReference; lastKnownFileType = sourcecode.swift; path = SignInUpInteractor.swift; sourceTree = "<group>"; };
		7863A98A2369E21F004E8076 /* SignInUpConfigurator.swift */ = {isa = PBXFileReference; lastKnownFileType = sourcecode.swift; path = SignInUpConfigurator.swift; sourceTree = "<group>"; };
		786CF6DC2317FE9D008CBB10 /* MovieInfoUrlSession.app */ = {isa = PBXFileReference; explicitFileType = wrapper.application; includeInIndex = 0; path = MovieInfoUrlSession.app; sourceTree = BUILT_PRODUCTS_DIR; };
		786CF6DF2317FE9D008CBB10 /* AppDelegate.swift */ = {isa = PBXFileReference; lastKnownFileType = sourcecode.swift; path = AppDelegate.swift; sourceTree = "<group>"; };
		786CF6E62317FE9F008CBB10 /* Assets.xcassets */ = {isa = PBXFileReference; lastKnownFileType = folder.assetcatalog; path = Assets.xcassets; sourceTree = "<group>"; };
		786CF6E92317FE9F008CBB10 /* Base */ = {isa = PBXFileReference; lastKnownFileType = file.storyboard; name = Base; path = Base.lproj/LaunchScreen.storyboard; sourceTree = "<group>"; };
		786CF6EB2317FE9F008CBB10 /* Info.plist */ = {isa = PBXFileReference; lastKnownFileType = text.plist.xml; path = Info.plist; sourceTree = "<group>"; };
		786CF6F32317FF10008CBB10 /* MovieCell.swift */ = {isa = PBXFileReference; fileEncoding = 4; lastKnownFileType = sourcecode.swift; path = MovieCell.swift; sourceTree = "<group>"; };
		786CF7002317FF70008CBB10 /* MovieType.swift */ = {isa = PBXFileReference; fileEncoding = 4; lastKnownFileType = sourcecode.swift; path = MovieType.swift; sourceTree = "<group>"; };
		786CF7022317FF83008CBB10 /* MovieList.swift */ = {isa = PBXFileReference; lastKnownFileType = sourcecode.swift; path = MovieList.swift; sourceTree = "<group>"; };
		786CF7062318001A008CBB10 /* Main.storyboard */ = {isa = PBXFileReference; fileEncoding = 4; lastKnownFileType = file.storyboard; path = Main.storyboard; sourceTree = "<group>"; };
		786CF70A231802D5008CBB10 /* APIResult.swift */ = {isa = PBXFileReference; fileEncoding = 4; lastKnownFileType = sourcecode.swift; path = APIResult.swift; sourceTree = "<group>"; };
		786CF71323180329008CBB10 /* APIMovieManager.swift */ = {isa = PBXFileReference; fileEncoding = 4; lastKnownFileType = sourcecode.swift; path = APIMovieManager.swift; sourceTree = "<group>"; };
		786DA9842334011600AEEBCF /* MovieCollectionCell.swift */ = {isa = PBXFileReference; lastKnownFileType = sourcecode.swift; path = MovieCollectionCell.swift; sourceTree = "<group>"; };
		78709C8D232ABFFF002FDB90 /* ListManager.swift */ = {isa = PBXFileReference; lastKnownFileType = sourcecode.swift; path = ListManager.swift; sourceTree = "<group>"; };
		7894C2C1232E647D0029D8D9 /* ImageView.swift */ = {isa = PBXFileReference; lastKnownFileType = sourcecode.swift; path = ImageView.swift; sourceTree = "<group>"; };
		7898CBDD2353ABA700E77F90 /* DetailMoviePresenter.swift */ = {isa = PBXFileReference; lastKnownFileType = sourcecode.swift; path = DetailMoviePresenter.swift; sourceTree = "<group>"; };
		7898CBDE2353ABA700E77F90 /* DetailMovieWorker.swift */ = {isa = PBXFileReference; lastKnownFileType = sourcecode.swift; path = DetailMovieWorker.swift; sourceTree = "<group>"; };
		7898CBDF2353ABA700E77F90 /* DetailMovieRouter.swift */ = {isa = PBXFileReference; lastKnownFileType = sourcecode.swift; path = DetailMovieRouter.swift; sourceTree = "<group>"; };
		7898CBE02353ABA700E77F90 /* DetailMovieModels.swift */ = {isa = PBXFileReference; lastKnownFileType = sourcecode.swift; path = DetailMovieModels.swift; sourceTree = "<group>"; };
		7898CBE12353ABA700E77F90 /* DetailMovieViewController.swift */ = {isa = PBXFileReference; lastKnownFileType = sourcecode.swift; path = DetailMovieViewController.swift; sourceTree = "<group>"; };
		7898CBE22353ABA700E77F90 /* DetailMovieInteractor.swift */ = {isa = PBXFileReference; lastKnownFileType = sourcecode.swift; path = DetailMovieInteractor.swift; sourceTree = "<group>"; };
		78E8AEFF2370BB2C00CC3F7B /* FavouritePresenter.swift */ = {isa = PBXFileReference; lastKnownFileType = sourcecode.swift; path = FavouritePresenter.swift; sourceTree = "<group>"; };
		78E8AF002370BB2C00CC3F7B /* FavouriteWorker.swift */ = {isa = PBXFileReference; lastKnownFileType = sourcecode.swift; path = FavouriteWorker.swift; sourceTree = "<group>"; };
		78E8AF012370BB2C00CC3F7B /* FavouriteRouter.swift */ = {isa = PBXFileReference; lastKnownFileType = sourcecode.swift; path = FavouriteRouter.swift; sourceTree = "<group>"; };
		78E8AF022370BB2C00CC3F7B /* FavouriteModels.swift */ = {isa = PBXFileReference; lastKnownFileType = sourcecode.swift; path = FavouriteModels.swift; sourceTree = "<group>"; };
		78E8AF032370BB2C00CC3F7B /* FavouriteViewController.swift */ = {isa = PBXFileReference; lastKnownFileType = sourcecode.swift; path = FavouriteViewController.swift; sourceTree = "<group>"; };
		78E8AF042370BB2C00CC3F7B /* FavouriteInteractor.swift */ = {isa = PBXFileReference; lastKnownFileType = sourcecode.swift; path = FavouriteInteractor.swift; sourceTree = "<group>"; };
		78E8AF0B2370C48700CC3F7B /* FavouriteConfigurator.swift */ = {isa = PBXFileReference; lastKnownFileType = sourcecode.swift; path = FavouriteConfigurator.swift; sourceTree = "<group>"; };
		78E8AF0E2370CA8900CC3F7B /* WatchLaterPresenter.swift */ = {isa = PBXFileReference; lastKnownFileType = sourcecode.swift; path = WatchLaterPresenter.swift; sourceTree = "<group>"; };
		78E8AF0F2370CA8900CC3F7B /* WatchLaterWorker.swift */ = {isa = PBXFileReference; lastKnownFileType = sourcecode.swift; path = WatchLaterWorker.swift; sourceTree = "<group>"; };
		78E8AF102370CA8900CC3F7B /* WatchLaterRouter.swift */ = {isa = PBXFileReference; lastKnownFileType = sourcecode.swift; path = WatchLaterRouter.swift; sourceTree = "<group>"; };
		78E8AF112370CA8900CC3F7B /* WatchLaterModels.swift */ = {isa = PBXFileReference; lastKnownFileType = sourcecode.swift; path = WatchLaterModels.swift; sourceTree = "<group>"; };
		78E8AF122370CA8900CC3F7B /* WatchLaterViewController.swift */ = {isa = PBXFileReference; lastKnownFileType = sourcecode.swift; path = WatchLaterViewController.swift; sourceTree = "<group>"; };
		78E8AF132370CA8900CC3F7B /* WatchLaterInteractor.swift */ = {isa = PBXFileReference; lastKnownFileType = sourcecode.swift; path = WatchLaterInteractor.swift; sourceTree = "<group>"; };
		78E8AF1A2370CE0A00CC3F7B /* WatchLaterConfigurator.swift */ = {isa = PBXFileReference; lastKnownFileType = sourcecode.swift; path = WatchLaterConfigurator.swift; sourceTree = "<group>"; };
		78E8AF1C2370D22000CC3F7B /* DetailMovieInList.swift */ = {isa = PBXFileReference; lastKnownFileType = sourcecode.swift; path = DetailMovieInList.swift; sourceTree = "<group>"; };
		78E96815236B7AFB003022AD /* SignInUpResult.swift */ = {isa = PBXFileReference; lastKnownFileType = sourcecode.swift; path = SignInUpResult.swift; sourceTree = "<group>"; };
		78E96819236B86D9003022AD /* SignInUpError.swift */ = {isa = PBXFileReference; lastKnownFileType = sourcecode.swift; path = SignInUpError.swift; sourceTree = "<group>"; };
		78E9681B236C8721003022AD /* ErrorCode.swift */ = {isa = PBXFileReference; lastKnownFileType = sourcecode.swift; path = ErrorCode.swift; sourceTree = "<group>"; };
		78E9681E236E02A8003022AD /* ProfilePresenter.swift */ = {isa = PBXFileReference; lastKnownFileType = sourcecode.swift; path = ProfilePresenter.swift; sourceTree = "<group>"; };
		78E9681F236E02A8003022AD /* ProfileWorker.swift */ = {isa = PBXFileReference; lastKnownFileType = sourcecode.swift; path = ProfileWorker.swift; sourceTree = "<group>"; };
		78E96820236E02A8003022AD /* ProfileRouter.swift */ = {isa = PBXFileReference; lastKnownFileType = sourcecode.swift; path = ProfileRouter.swift; sourceTree = "<group>"; };
		78E96821236E02A8003022AD /* ProfileModels.swift */ = {isa = PBXFileReference; lastKnownFileType = sourcecode.swift; path = ProfileModels.swift; sourceTree = "<group>"; };
		78E96822236E02A8003022AD /* ProfileViewController.swift */ = {isa = PBXFileReference; lastKnownFileType = sourcecode.swift; path = ProfileViewController.swift; sourceTree = "<group>"; };
		78E96823236E02A8003022AD /* ProfileInteractor.swift */ = {isa = PBXFileReference; lastKnownFileType = sourcecode.swift; path = ProfileInteractor.swift; sourceTree = "<group>"; };
/* End PBXFileReference section */

/* Begin PBXFrameworksBuildPhase section */
		786CF6D92317FE9D008CBB10 /* Frameworks */ = {
			isa = PBXFrameworksBuildPhase;
			buildActionMask = 2147483647;
			files = (
				7844977E23187248009082F6 /* WebKit.framework in Frameworks */,
			);
			runOnlyForDeploymentPostprocessing = 0;
		};
/* End PBXFrameworksBuildPhase section */

/* Begin PBXGroup section */
		64B376884D31D6AF64295BED /* Frameworks */ = {
			isa = PBXGroup;
			children = (
				7844977D23187247009082F6 /* WebKit.framework */,
			);
			name = Frameworks;
			sourceTree = "<group>";
		};
		78449772231843C6009082F6 /* Views */ = {
			isa = PBXGroup;
			children = (
				7894C2C1232E647D0029D8D9 /* ImageView.swift */,
				786CF6F32317FF10008CBB10 /* MovieCell.swift */,
				786DA9842334011600AEEBCF /* MovieCollectionCell.swift */,
				783735F42338F1B90046FCB0 /* CategoryMoviesTableViewCell.swift */,
			);
			path = Views;
			sourceTree = "<group>";
		};
		78449773231843F1009082F6 /* Helpers */ = {
			isa = PBXGroup;
			children = (
				7844977423184407009082F6 /* Helpers.swift */,
				78449787231ADBDA009082F6 /* StorageManager.swift */,
				78709C8D232ABFFF002FDB90 /* ListManager.swift */,
				785864982341406200B991BB /* GenresStorage.swift */,
			);
			path = Helpers;
			sourceTree = "<group>";
		};
		786383E9235DEF5F00BF55D4 /* Categories */ = {
			isa = PBXGroup;
			children = (
				786383EE235DEF9000BF55D4 /* CategoriesTableViewController.swift */,
				786383EF235DEF9000BF55D4 /* CategoriesInteractor.swift */,
				786383EA235DEF9000BF55D4 /* CategoriesPresenter.swift */,
				786383EB235DEF9000BF55D4 /* CategoriesWorker.swift */,
				786383EC235DEF9000BF55D4 /* CategoriesRouter.swift */,
				786383ED235DEF9000BF55D4 /* CategoriesModels.swift */,
				786383F6235E25DF00BF55D4 /* CategoriesConfigurator.swift */,
			);
			path = Categories;
			sourceTree = "<group>";
		};
		786383F82368DD2B00BF55D4 /* Welcome */ = {
			isa = PBXGroup;
			children = (
				786383FD2368DD6300BF55D4 /* WelcomeViewController.swift */,
				786383FE2368DD6300BF55D4 /* WelcomeInteractor.swift */,
				786383F92368DD6300BF55D4 /* WelcomePresenter.swift */,
				786383FA2368DD6300BF55D4 /* WelcomeWorker.swift */,
				786383FB2368DD6300BF55D4 /* WelcomeRouter.swift */,
				786383FC2368DD6300BF55D4 /* WelcomeModels.swift */,
				786384052368DDE600BF55D4 /* WelcomeConfigurator.swift */,
			);
			path = Welcome;
			sourceTree = "<group>";
		};
		7863840A2369C4B000BF55D4 /* SignInUp */ = {
			isa = PBXGroup;
			children = (
				7863840F2369C4E000BF55D4 /* SignInUpViewController.swift */,
				786384102369C4E000BF55D4 /* SignInUpInteractor.swift */,
				7863840B2369C4E000BF55D4 /* SignInUpPresenter.swift */,
				7863840C2369C4E000BF55D4 /* SignInUpWorker.swift */,
				7863840D2369C4E000BF55D4 /* SignInUpRouter.swift */,
				7863840E2369C4E000BF55D4 /* SignInUpModels.swift */,
				7863A98A2369E21F004E8076 /* SignInUpConfigurator.swift */,
				78E96815236B7AFB003022AD /* SignInUpResult.swift */,
				78E96819236B86D9003022AD /* SignInUpError.swift */,
				78E9681B236C8721003022AD /* ErrorCode.swift */,
			);
			path = SignInUp;
			sourceTree = "<group>";
		};
		786CF6D32317FE9D008CBB10 = {
			isa = PBXGroup;
			children = (
				786CF6DE2317FE9D008CBB10 /* MovieInfoUrlSession */,
				786CF6DD2317FE9D008CBB10 /* Products */,
				64B376884D31D6AF64295BED /* Frameworks */,
			);
			sourceTree = "<group>";
		};
		786CF6DD2317FE9D008CBB10 /* Products */ = {
			isa = PBXGroup;
			children = (
				786CF6DC2317FE9D008CBB10 /* MovieInfoUrlSession.app */,
			);
			name = Products;
			sourceTree = "<group>";
		};
		786CF6DE2317FE9D008CBB10 /* MovieInfoUrlSession */ = {
			isa = PBXGroup;
			children = (
				786383F82368DD2B00BF55D4 /* Welcome */,
				7863840A2369C4B000BF55D4 /* SignInUp */,
				786383E9235DEF5F00BF55D4 /* Categories */,
				7898CBDC2353AB7300E77F90 /* DetailMovie */,
				78E9681D236E0286003022AD /* Profile */,
				78E9682A2370BA64003022AD /* Favourite */,
				78E8AF0D2370CA6500CC3F7B /* WatchLater */,
				786CF7042317FF91008CBB10 /* Models */,
				78449772231843C6009082F6 /* Views */,
				786CF6FF2317FF5C008CBB10 /* APIMovieManager */,
				787AC4B823532EC700946896 /* StoryBoards */,
				787AC4B923532EFC00946896 /* Configs */,
				78449773231843F1009082F6 /* Helpers */,
				78E8AF1C2370D22000CC3F7B /* DetailMovieInList.swift */,
			);
			path = MovieInfoUrlSession;
			sourceTree = "<group>";
		};
		786CF6FF2317FF5C008CBB10 /* APIMovieManager */ = {
			isa = PBXGroup;
			children = (
				786CF70A231802D5008CBB10 /* APIResult.swift */,
				786CF71323180329008CBB10 /* APIMovieManager.swift */,
				786CF7002317FF70008CBB10 /* MovieType.swift */,
				78449793231C0CFB009082F6 /* BaseApiData.swift */,
			);
			path = APIMovieManager;
			sourceTree = "<group>";
		};
		786CF7042317FF91008CBB10 /* Models */ = {
			isa = PBXGroup;
			children = (
				786CF7022317FF83008CBB10 /* MovieList.swift */,
				7844977023183A47009082F6 /* MovieJson.swift */,
				78449785231AD9C9009082F6 /* User.swift */,
				7844978B231C01B7009082F6 /* DetailMovie.swift */,
				7844978D231C03C6009082F6 /* Genre.swift */,
				7844978F231C08D3009082F6 /* TrailerList.swift */,
				78449791231C0940009082F6 /* Trailer.swift */,
				78449795231C550E009082F6 /* ReviewList.swift */,
				78449797231C55A2009082F6 /* Review.swift */,
				78586496234126FD00B991BB /* GenreJson.swift */,
			);
			path = Models;
			sourceTree = "<group>";
		};
		787AC4B823532EC700946896 /* StoryBoards */ = {
			isa = PBXGroup;
			children = (
				786CF7062318001A008CBB10 /* Main.storyboard */,
				786CF6E82317FE9F008CBB10 /* LaunchScreen.storyboard */,
			);
			path = StoryBoards;
			sourceTree = "<group>";
		};
		787AC4B923532EFC00946896 /* Configs */ = {
			isa = PBXGroup;
			children = (
				786CF6DF2317FE9D008CBB10 /* AppDelegate.swift */,
				786CF6E62317FE9F008CBB10 /* Assets.xcassets */,
				786CF6EB2317FE9F008CBB10 /* Info.plist */,
			);
			path = Configs;
			sourceTree = "<group>";
		};
		7898CBDC2353AB7300E77F90 /* DetailMovie */ = {
			isa = PBXGroup;
			children = (
				7898CBE12353ABA700E77F90 /* DetailMovieViewController.swift */,
				7898CBE22353ABA700E77F90 /* DetailMovieInteractor.swift */,
				7898CBDD2353ABA700E77F90 /* DetailMoviePresenter.swift */,
				7898CBDE2353ABA700E77F90 /* DetailMovieWorker.swift */,
				7898CBDF2353ABA700E77F90 /* DetailMovieRouter.swift */,
				7898CBE02353ABA700E77F90 /* DetailMovieModels.swift */,
				786383E7235DE92C00BF55D4 /* DetailMovieConfigurator.swift */,
			);
			path = DetailMovie;
			sourceTree = "<group>";
		};
		78E8AF0D2370CA6500CC3F7B /* WatchLater */ = {
			isa = PBXGroup;
			children = (
				78E8AF122370CA8900CC3F7B /* WatchLaterViewController.swift */,
				78E8AF132370CA8900CC3F7B /* WatchLaterInteractor.swift */,
				78E8AF0E2370CA8900CC3F7B /* WatchLaterPresenter.swift */,
				78E8AF0F2370CA8900CC3F7B /* WatchLaterWorker.swift */,
				78E8AF102370CA8900CC3F7B /* WatchLaterRouter.swift */,
				78E8AF112370CA8900CC3F7B /* WatchLaterModels.swift */,
				78E8AF1A2370CE0A00CC3F7B /* WatchLaterConfigurator.swift */,
			);
			path = WatchLater;
			sourceTree = "<group>";
		};
		78E9681D236E0286003022AD /* Profile */ = {
			isa = PBXGroup;
			children = (
				78E96822236E02A8003022AD /* ProfileViewController.swift */,
				78E96823236E02A8003022AD /* ProfileInteractor.swift */,
				78E9681E236E02A8003022AD /* ProfilePresenter.swift */,
				78E9681F236E02A8003022AD /* ProfileWorker.swift */,
				78E96820236E02A8003022AD /* ProfileRouter.swift */,
				78E96821236E02A8003022AD /* ProfileModels.swift */,
			);
			path = Profile;
			sourceTree = "<group>";
		};
		78E9682A2370BA64003022AD /* Favourite */ = {
			isa = PBXGroup;
			children = (
				78E8AF032370BB2C00CC3F7B /* FavouriteViewController.swift */,
				78E8AF042370BB2C00CC3F7B /* FavouriteInteractor.swift */,
				78E8AEFF2370BB2C00CC3F7B /* FavouritePresenter.swift */,
				78E8AF002370BB2C00CC3F7B /* FavouriteWorker.swift */,
				78E8AF012370BB2C00CC3F7B /* FavouriteRouter.swift */,
				78E8AF022370BB2C00CC3F7B /* FavouriteModels.swift */,
				78E8AF0B2370C48700CC3F7B /* FavouriteConfigurator.swift */,
			);
			path = Favourite;
			sourceTree = "<group>";
		};
/* End PBXGroup section */

/* Begin PBXNativeTarget section */
		786CF6DB2317FE9D008CBB10 /* MovieInfoUrlSession */ = {
			isa = PBXNativeTarget;
			buildConfigurationList = 786CF6EE2317FE9F008CBB10 /* Build configuration list for PBXNativeTarget "MovieInfoUrlSession" */;
			buildPhases = (
				786CF6D82317FE9D008CBB10 /* Sources */,
				786CF6D92317FE9D008CBB10 /* Frameworks */,
				786CF6DA2317FE9D008CBB10 /* Resources */,
			);
			buildRules = (
			);
			dependencies = (
			);
			name = MovieInfoUrlSession;
			productName = MovieInfoUrlSession;
			productReference = 786CF6DC2317FE9D008CBB10 /* MovieInfoUrlSession.app */;
			productType = "com.apple.product-type.application";
		};
/* End PBXNativeTarget section */

/* Begin PBXProject section */
		786CF6D42317FE9D008CBB10 /* Project object */ = {
			isa = PBXProject;
			attributes = {
				LastSwiftUpdateCheck = 1030;
				LastUpgradeCheck = 1030;
				ORGANIZATIONNAME = "Igor Zhyzhyrii";
				TargetAttributes = {
					786CF6DB2317FE9D008CBB10 = {
						CreatedOnToolsVersion = 10.3;
					};
				};
			};
			buildConfigurationList = 786CF6D72317FE9D008CBB10 /* Build configuration list for PBXProject "MovieInfoUrlSession" */;
			compatibilityVersion = "Xcode 9.3";
			developmentRegion = en;
			hasScannedForEncodings = 0;
			knownRegions = (
				en,
				Base,
			);
			mainGroup = 786CF6D32317FE9D008CBB10;
			productRefGroup = 786CF6DD2317FE9D008CBB10 /* Products */;
			projectDirPath = "";
			projectRoot = "";
			targets = (
				786CF6DB2317FE9D008CBB10 /* MovieInfoUrlSession */,
			);
		};
/* End PBXProject section */

/* Begin PBXResourcesBuildPhase section */
		786CF6DA2317FE9D008CBB10 /* Resources */ = {
			isa = PBXResourcesBuildPhase;
			buildActionMask = 2147483647;
			files = (
				786CF6EA2317FE9F008CBB10 /* LaunchScreen.storyboard in Resources */,
				786CF6E72317FE9F008CBB10 /* Assets.xcassets in Resources */,
				786CF7072318001A008CBB10 /* Main.storyboard in Resources */,
			);
			runOnlyForDeploymentPostprocessing = 0;
		};
/* End PBXResourcesBuildPhase section */

/* Begin PBXSourcesBuildPhase section */
		786CF6D82317FE9D008CBB10 /* Sources */ = {
			isa = PBXSourcesBuildPhase;
			buildActionMask = 2147483647;
			files = (
				7898CBE32353ABA700E77F90 /* DetailMoviePresenter.swift in Sources */,
				78449790231C08D3009082F6 /* TrailerList.swift in Sources */,
				78586497234126FD00B991BB /* GenreJson.swift in Sources */,
				78E96827236E02A8003022AD /* ProfileModels.swift in Sources */,
				786384062368DDE600BF55D4 /* WelcomeConfigurator.swift in Sources */,
				7863A98B2369E21F004E8076 /* SignInUpConfigurator.swift in Sources */,
				783735F52338F1B90046FCB0 /* CategoryMoviesTableViewCell.swift in Sources */,
				786DA9852334011700AEEBCF /* MovieCollectionCell.swift in Sources */,
				78E8AF1D2370D22000CC3F7B /* DetailMovieInList.swift in Sources */,
				786384032368DD6300BF55D4 /* WelcomeViewController.swift in Sources */,
				78449788231ADBDA009082F6 /* StorageManager.swift in Sources */,
				786383F0235DEF9100BF55D4 /* CategoriesPresenter.swift in Sources */,
				786384012368DD6300BF55D4 /* WelcomeRouter.swift in Sources */,
				78E96824236E02A8003022AD /* ProfilePresenter.swift in Sources */,
				7898CBE52353ABA700E77F90 /* DetailMovieRouter.swift in Sources */,
				786383F2235DEF9100BF55D4 /* CategoriesRouter.swift in Sources */,
				786CF70F231802D5008CBB10 /* APIResult.swift in Sources */,
				78E8AF162370CA8900CC3F7B /* WatchLaterRouter.swift in Sources */,
				7898CBE72353ABA700E77F90 /* DetailMovieViewController.swift in Sources */,
				786CF7032317FF83008CBB10 /* MovieList.swift in Sources */,
				7898CBE62353ABA700E77F90 /* DetailMovieModels.swift in Sources */,
				78449786231AD9C9009082F6 /* User.swift in Sources */,
				786383F4235DEF9100BF55D4 /* CategoriesTableViewController.swift in Sources */,
				78E96828236E02A8003022AD /* ProfileViewController.swift in Sources */,
				78E8AF1B2370CE0A00CC3F7B /* WatchLaterConfigurator.swift in Sources */,
				78E8AF0C2370C48700CC3F7B /* FavouriteConfigurator.swift in Sources */,
				7844978C231C01B7009082F6 /* DetailMovie.swift in Sources */,
				786383E8235DE92C00BF55D4 /* DetailMovieConfigurator.swift in Sources */,
				78E9681A236B86D9003022AD /* SignInUpError.swift in Sources */,
				786383F5235DEF9100BF55D4 /* CategoriesInteractor.swift in Sources */,
				7898CBE82353ABA700E77F90 /* DetailMovieInteractor.swift in Sources */,
				78E8AF092370BB2C00CC3F7B /* FavouriteViewController.swift in Sources */,
				78E8AF082370BB2C00CC3F7B /* FavouriteModels.swift in Sources */,
				786384002368DD6300BF55D4 /* WelcomeWorker.swift in Sources */,
				78709C8E232ABFFF002FDB90 /* ListManager.swift in Sources */,
				786383F1235DEF9100BF55D4 /* CategoriesWorker.swift in Sources */,
				78E8AF142370CA8900CC3F7B /* WatchLaterPresenter.swift in Sources */,
				78E8AF062370BB2C00CC3F7B /* FavouriteWorker.swift in Sources */,
				786383F3235DEF9100BF55D4 /* CategoriesModels.swift in Sources */,
				786384152369C4E000BF55D4 /* SignInUpViewController.swift in Sources */,
				786384162369C4E000BF55D4 /* SignInUpInteractor.swift in Sources */,
				78E8AF052370BB2C00CC3F7B /* FavouritePresenter.swift in Sources */,
				78E9681C236C8722003022AD /* ErrorCode.swift in Sources */,
				786384122369C4E000BF55D4 /* SignInUpWorker.swift in Sources */,
				786384142369C4E000BF55D4 /* SignInUpModels.swift in Sources */,
				78E96825236E02A8003022AD /* ProfileWorker.swift in Sources */,
				78E8AF152370CA8900CC3F7B /* WatchLaterWorker.swift in Sources */,
				78449798231C55A2009082F6 /* Review.swift in Sources */,
				7844977523184407009082F6 /* Helpers.swift in Sources */,
				78E8AF182370CA8900CC3F7B /* WatchLaterViewController.swift in Sources */,
				78449792231C0940009082F6 /* Trailer.swift in Sources */,
				786CF6FA2317FF10008CBB10 /* MovieCell.swift in Sources */,
				7898CBE42353ABA700E77F90 /* DetailMovieWorker.swift in Sources */,
				78E96816236B7AFB003022AD /* SignInUpResult.swift in Sources */,
				78E8AF072370BB2C00CC3F7B /* FavouriteRouter.swift in Sources */,
				78E96829236E02A8003022AD /* ProfileInteractor.swift in Sources */,
				78449794231C0CFB009082F6 /* BaseApiData.swift in Sources */,
				786CF71423180329008CBB10 /* APIMovieManager.swift in Sources */,
				786CF7012317FF70008CBB10 /* MovieType.swift in Sources */,
				786CF6E02317FE9D008CBB10 /* AppDelegate.swift in Sources */,
				7844977123183A47009082F6 /* MovieJson.swift in Sources */,
				78E8AF0A2370BB2C00CC3F7B /* FavouriteInteractor.swift in Sources */,
				78E8AF192370CA8900CC3F7B /* WatchLaterInteractor.swift in Sources */,
				786384112369C4E000BF55D4 /* SignInUpPresenter.swift in Sources */,
				786384132369C4E000BF55D4 /* SignInUpRouter.swift in Sources */,
				7894C2C2232E647D0029D8D9 /* ImageView.swift in Sources */,
				786383FF2368DD6300BF55D4 /* WelcomePresenter.swift in Sources */,
				785864992341406200B991BB /* GenresStorage.swift in Sources */,
				786384022368DD6300BF55D4 /* WelcomeModels.swift in Sources */,
				7844978E231C03C6009082F6 /* Genre.swift in Sources */,
				786384042368DD6300BF55D4 /* WelcomeInteractor.swift in Sources */,
				78E8AF172370CA8900CC3F7B /* WatchLaterModels.swift in Sources */,
				78E96826236E02A8003022AD /* ProfileRouter.swift in Sources */,
				786383F7235E25DF00BF55D4 /* CategoriesConfigurator.swift in Sources */,
				78449796231C550E009082F6 /* ReviewList.swift in Sources */,
			);
			runOnlyForDeploymentPostprocessing = 0;
		};
/* End PBXSourcesBuildPhase section */

/* Begin PBXVariantGroup section */
		786CF6E82317FE9F008CBB10 /* LaunchScreen.storyboard */ = {
			isa = PBXVariantGroup;
			children = (
				786CF6E92317FE9F008CBB10 /* Base */,
			);
			name = LaunchScreen.storyboard;
			sourceTree = "<group>";
		};
/* End PBXVariantGroup section */

/* Begin XCBuildConfiguration section */
		786CF6EC2317FE9F008CBB10 /* Debug */ = {
			isa = XCBuildConfiguration;
			buildSettings = {
				ALWAYS_SEARCH_USER_PATHS = NO;
				CLANG_ANALYZER_NONNULL = YES;
				CLANG_ANALYZER_NUMBER_OBJECT_CONVERSION = YES_AGGRESSIVE;
				CLANG_CXX_LANGUAGE_STANDARD = "gnu++14";
				CLANG_CXX_LIBRARY = "libc++";
				CLANG_ENABLE_MODULES = YES;
				CLANG_ENABLE_OBJC_ARC = YES;
				CLANG_ENABLE_OBJC_WEAK = YES;
				CLANG_WARN_BLOCK_CAPTURE_AUTORELEASING = YES;
				CLANG_WARN_BOOL_CONVERSION = YES;
				CLANG_WARN_COMMA = YES;
				CLANG_WARN_CONSTANT_CONVERSION = YES;
				CLANG_WARN_DEPRECATED_OBJC_IMPLEMENTATIONS = YES;
				CLANG_WARN_DIRECT_OBJC_ISA_USAGE = YES_ERROR;
				CLANG_WARN_DOCUMENTATION_COMMENTS = YES;
				CLANG_WARN_EMPTY_BODY = YES;
				CLANG_WARN_ENUM_CONVERSION = YES;
				CLANG_WARN_INFINITE_RECURSION = YES;
				CLANG_WARN_INT_CONVERSION = YES;
				CLANG_WARN_NON_LITERAL_NULL_CONVERSION = YES;
				CLANG_WARN_OBJC_IMPLICIT_RETAIN_SELF = YES;
				CLANG_WARN_OBJC_LITERAL_CONVERSION = YES;
				CLANG_WARN_OBJC_ROOT_CLASS = YES_ERROR;
				CLANG_WARN_RANGE_LOOP_ANALYSIS = YES;
				CLANG_WARN_STRICT_PROTOTYPES = YES;
				CLANG_WARN_SUSPICIOUS_MOVE = YES;
				CLANG_WARN_UNGUARDED_AVAILABILITY = YES_AGGRESSIVE;
				CLANG_WARN_UNREACHABLE_CODE = YES;
				CLANG_WARN__DUPLICATE_METHOD_MATCH = YES;
				CODE_SIGN_IDENTITY = "iPhone Developer";
				COPY_PHASE_STRIP = NO;
				DEBUG_INFORMATION_FORMAT = dwarf;
				ENABLE_STRICT_OBJC_MSGSEND = YES;
				ENABLE_TESTABILITY = YES;
				GCC_C_LANGUAGE_STANDARD = gnu11;
				GCC_DYNAMIC_NO_PIC = NO;
				GCC_NO_COMMON_BLOCKS = YES;
				GCC_OPTIMIZATION_LEVEL = 0;
				GCC_PREPROCESSOR_DEFINITIONS = (
					"DEBUG=1",
					"$(inherited)",
				);
				GCC_WARN_64_TO_32_BIT_CONVERSION = YES;
				GCC_WARN_ABOUT_RETURN_TYPE = YES_ERROR;
				GCC_WARN_UNDECLARED_SELECTOR = YES;
				GCC_WARN_UNINITIALIZED_AUTOS = YES_AGGRESSIVE;
				GCC_WARN_UNUSED_FUNCTION = YES;
				GCC_WARN_UNUSED_VARIABLE = YES;
				IPHONEOS_DEPLOYMENT_TARGET = 12.4;
				MTL_ENABLE_DEBUG_INFO = INCLUDE_SOURCE;
				MTL_FAST_MATH = YES;
				ONLY_ACTIVE_ARCH = YES;
				SDKROOT = iphoneos;
				SWIFT_ACTIVE_COMPILATION_CONDITIONS = DEBUG;
				SWIFT_OPTIMIZATION_LEVEL = "-Onone";
			};
			name = Debug;
		};
		786CF6ED2317FE9F008CBB10 /* Release */ = {
			isa = XCBuildConfiguration;
			buildSettings = {
				ALWAYS_SEARCH_USER_PATHS = NO;
				CLANG_ANALYZER_NONNULL = YES;
				CLANG_ANALYZER_NUMBER_OBJECT_CONVERSION = YES_AGGRESSIVE;
				CLANG_CXX_LANGUAGE_STANDARD = "gnu++14";
				CLANG_CXX_LIBRARY = "libc++";
				CLANG_ENABLE_MODULES = YES;
				CLANG_ENABLE_OBJC_ARC = YES;
				CLANG_ENABLE_OBJC_WEAK = YES;
				CLANG_WARN_BLOCK_CAPTURE_AUTORELEASING = YES;
				CLANG_WARN_BOOL_CONVERSION = YES;
				CLANG_WARN_COMMA = YES;
				CLANG_WARN_CONSTANT_CONVERSION = YES;
				CLANG_WARN_DEPRECATED_OBJC_IMPLEMENTATIONS = YES;
				CLANG_WARN_DIRECT_OBJC_ISA_USAGE = YES_ERROR;
				CLANG_WARN_DOCUMENTATION_COMMENTS = YES;
				CLANG_WARN_EMPTY_BODY = YES;
				CLANG_WARN_ENUM_CONVERSION = YES;
				CLANG_WARN_INFINITE_RECURSION = YES;
				CLANG_WARN_INT_CONVERSION = YES;
				CLANG_WARN_NON_LITERAL_NULL_CONVERSION = YES;
				CLANG_WARN_OBJC_IMPLICIT_RETAIN_SELF = YES;
				CLANG_WARN_OBJC_LITERAL_CONVERSION = YES;
				CLANG_WARN_OBJC_ROOT_CLASS = YES_ERROR;
				CLANG_WARN_RANGE_LOOP_ANALYSIS = YES;
				CLANG_WARN_STRICT_PROTOTYPES = YES;
				CLANG_WARN_SUSPICIOUS_MOVE = YES;
				CLANG_WARN_UNGUARDED_AVAILABILITY = YES_AGGRESSIVE;
				CLANG_WARN_UNREACHABLE_CODE = YES;
				CLANG_WARN__DUPLICATE_METHOD_MATCH = YES;
				CODE_SIGN_IDENTITY = "iPhone Developer";
				COPY_PHASE_STRIP = NO;
				DEBUG_INFORMATION_FORMAT = "dwarf-with-dsym";
				ENABLE_NS_ASSERTIONS = NO;
				ENABLE_STRICT_OBJC_MSGSEND = YES;
				GCC_C_LANGUAGE_STANDARD = gnu11;
				GCC_NO_COMMON_BLOCKS = YES;
				GCC_WARN_64_TO_32_BIT_CONVERSION = YES;
				GCC_WARN_ABOUT_RETURN_TYPE = YES_ERROR;
				GCC_WARN_UNDECLARED_SELECTOR = YES;
				GCC_WARN_UNINITIALIZED_AUTOS = YES_AGGRESSIVE;
				GCC_WARN_UNUSED_FUNCTION = YES;
				GCC_WARN_UNUSED_VARIABLE = YES;
				IPHONEOS_DEPLOYMENT_TARGET = 12.4;
				MTL_ENABLE_DEBUG_INFO = NO;
				MTL_FAST_MATH = YES;
				SDKROOT = iphoneos;
				SWIFT_COMPILATION_MODE = wholemodule;
				SWIFT_OPTIMIZATION_LEVEL = "-O";
				VALIDATE_PRODUCT = YES;
			};
			name = Release;
		};
		786CF6EF2317FE9F008CBB10 /* Debug */ = {
			isa = XCBuildConfiguration;
			buildSettings = {
				ASSETCATALOG_COMPILER_APPICON_NAME = AppIcon;
				CODE_SIGN_STYLE = Automatic;
				DEVELOPMENT_TEAM = 3G59622ZHZ;
				INFOPLIST_FILE = "$(SRCROOT)/MovieInfoUrlSession/Configs/Info.plist";
				LD_RUNPATH_SEARCH_PATHS = (
					"$(inherited)",
					"@executable_path/Frameworks",
				);
				PRODUCT_BUNDLE_IDENTIFIER = com.igorzhyzhyrii.MovieInfoUrlSession;
				PRODUCT_NAME = "$(TARGET_NAME)";
				SWIFT_VERSION = 5.0;
				TARGETED_DEVICE_FAMILY = "1,2";
			};
			name = Debug;
		};
		786CF6F02317FE9F008CBB10 /* Release */ = {
			isa = XCBuildConfiguration;
			buildSettings = {
				ASSETCATALOG_COMPILER_APPICON_NAME = AppIcon;
				CODE_SIGN_STYLE = Automatic;
				DEVELOPMENT_TEAM = 3G59622ZHZ;
				INFOPLIST_FILE = "$(SRCROOT)/MovieInfoUrlSession/Configs/Info.plist";
				LD_RUNPATH_SEARCH_PATHS = (
					"$(inherited)",
					"@executable_path/Frameworks",
				);
				PRODUCT_BUNDLE_IDENTIFIER = com.igorzhyzhyrii.MovieInfoUrlSession;
				PRODUCT_NAME = "$(TARGET_NAME)";
				SWIFT_VERSION = 5.0;
				TARGETED_DEVICE_FAMILY = "1,2";
			};
			name = Release;
		};
/* End XCBuildConfiguration section */

/* Begin XCConfigurationList section */
		786CF6D72317FE9D008CBB10 /* Build configuration list for PBXProject "MovieInfoUrlSession" */ = {
			isa = XCConfigurationList;
			buildConfigurations = (
				786CF6EC2317FE9F008CBB10 /* Debug */,
				786CF6ED2317FE9F008CBB10 /* Release */,
			);
			defaultConfigurationIsVisible = 0;
			defaultConfigurationName = Release;
		};
		786CF6EE2317FE9F008CBB10 /* Build configuration list for PBXNativeTarget "MovieInfoUrlSession" */ = {
			isa = XCConfigurationList;
			buildConfigurations = (
				786CF6EF2317FE9F008CBB10 /* Debug */,
				786CF6F02317FE9F008CBB10 /* Release */,
			);
			defaultConfigurationIsVisible = 0;
			defaultConfigurationName = Release;
		};
/* End XCConfigurationList section */
	};
	rootObject = 786CF6D42317FE9D008CBB10 /* Project object */;
}
